{
    "version": 3,
    "terraform_version": "0.11.3",
    "serial": 16,
    "lineage": "e93ce4a8-9293-495a-9b98-46d0b6d85d75",
    "modules": [
        {
            "path": [
                "root"
            ],
            "outputs": {},
            "resources": {
                "azurerm_network_interface.contrail-master-nic": {
                    "type": "azurerm_network_interface",
                    "depends_on": [
                        "azurerm_network_security_group.contrail-sec-grp",
                        "azurerm_public_ip.contrail-master-public-ip",
                        "azurerm_resource_group.ContrailResourceGroup",
                        "azurerm_subnet.contrail-fabric-subnet"
                    ],
                    "primary": {
                        "id": "/subscriptions/196b9f80-3f6d-4313-9647-b39596118b9e/resourceGroups/ContrailResourceGroup/providers/Microsoft.Network/networkInterfaces/contrailMasterNIC",
                        "attributes": {
                            "applied_dns_servers.#": "0",
                            "dns_servers.#": "0",
                            "enable_accelerated_networking": "false",
                            "enable_ip_forwarding": "false",
                            "id": "/subscriptions/196b9f80-3f6d-4313-9647-b39596118b9e/resourceGroups/ContrailResourceGroup/providers/Microsoft.Network/networkInterfaces/contrailMasterNIC",
                            "internal_dns_name_label": "",
                            "internal_fqdn": "",
                            "ip_configuration.#": "1",
                            "ip_configuration.0.application_security_group_ids.#": "0",
                            "ip_configuration.0.load_balancer_backend_address_pools_ids.#": "0",
                            "ip_configuration.0.load_balancer_inbound_nat_rules_ids.#": "0",
                            "ip_configuration.0.name": "masterNIC",
                            "ip_configuration.0.primary": "true",
                            "ip_configuration.0.private_ip_address": "",
                            "ip_configuration.0.private_ip_address_allocation": "dynamic",
                            "ip_configuration.0.public_ip_address_id": "/subscriptions/196b9f80-3f6d-4313-9647-b39596118b9e/resourceGroups/ContrailResourceGroup/providers/Microsoft.Network/publicIPAddresses/masterPublicIP",
                            "ip_configuration.0.subnet_id": "/subscriptions/196b9f80-3f6d-4313-9647-b39596118b9e/resourceGroups/ContrailResourceGroup/providers/Microsoft.Network/virtualNetworks/contrail-network/subnets/contrail-fabric-subnet",
                            "location": "eastus",
                            "mac_address": "",
                            "name": "contrailMasterNIC",
                            "network_security_group_id": "/subscriptions/196b9f80-3f6d-4313-9647-b39596118b9e/resourceGroups/ContrailResourceGroup/providers/Microsoft.Network/networkSecurityGroups/contrail-sec-grp",
                            "private_ip_address": "10.0.1.5",
                            "private_ip_addresses.#": "1",
                            "private_ip_addresses.0": "10.0.1.5",
                            "resource_group_name": "ContrailResourceGroup",
                            "tags.%": "1",
                            "tags.environment": "contrail demo"
                        },
                        "meta": {},
                        "tainted": false
                    },
                    "deposed": [],
                    "provider": "provider.azurerm"
                },
                "azurerm_network_interface.contrail-minion-nic": {
                    "type": "azurerm_network_interface",
                    "depends_on": [
                        "azurerm_network_security_group.contrail-sec-grp",
                        "azurerm_public_ip.contrail-minion-public-ip",
                        "azurerm_resource_group.ContrailResourceGroup",
                        "azurerm_subnet.contrail-fabric-subnet"
                    ],
                    "primary": {
                        "id": "/subscriptions/196b9f80-3f6d-4313-9647-b39596118b9e/resourceGroups/ContrailResourceGroup/providers/Microsoft.Network/networkInterfaces/contrailMinionNIC",
                        "attributes": {
                            "applied_dns_servers.#": "0",
                            "dns_servers.#": "0",
                            "enable_accelerated_networking": "false",
                            "enable_ip_forwarding": "false",
                            "id": "/subscriptions/196b9f80-3f6d-4313-9647-b39596118b9e/resourceGroups/ContrailResourceGroup/providers/Microsoft.Network/networkInterfaces/contrailMinionNIC",
                            "internal_dns_name_label": "",
                            "internal_fqdn": "",
                            "ip_configuration.#": "1",
                            "ip_configuration.0.application_security_group_ids.#": "0",
                            "ip_configuration.0.load_balancer_backend_address_pools_ids.#": "0",
                            "ip_configuration.0.load_balancer_inbound_nat_rules_ids.#": "0",
                            "ip_configuration.0.name": "masterNIC",
                            "ip_configuration.0.primary": "true",
                            "ip_configuration.0.private_ip_address": "",
                            "ip_configuration.0.private_ip_address_allocation": "dynamic",
                            "ip_configuration.0.public_ip_address_id": "/subscriptions/196b9f80-3f6d-4313-9647-b39596118b9e/resourceGroups/ContrailResourceGroup/providers/Microsoft.Network/publicIPAddresses/minionPublicIP",
                            "ip_configuration.0.subnet_id": "/subscriptions/196b9f80-3f6d-4313-9647-b39596118b9e/resourceGroups/ContrailResourceGroup/providers/Microsoft.Network/virtualNetworks/contrail-network/subnets/contrail-fabric-subnet",
                            "location": "eastus",
                            "mac_address": "",
                            "name": "contrailMinionNIC",
                            "network_security_group_id": "/subscriptions/196b9f80-3f6d-4313-9647-b39596118b9e/resourceGroups/ContrailResourceGroup/providers/Microsoft.Network/networkSecurityGroups/contrail-sec-grp",
                            "private_ip_address": "10.0.1.4",
                            "private_ip_addresses.#": "1",
                            "private_ip_addresses.0": "10.0.1.4",
                            "resource_group_name": "ContrailResourceGroup",
                            "tags.%": "1",
                            "tags.environment": "contrail demo"
                        },
                        "meta": {},
                        "tainted": false
                    },
                    "deposed": [],
                    "provider": "provider.azurerm"
                },
                "azurerm_network_security_group.contrail-sec-grp": {
                    "type": "azurerm_network_security_group",
                    "depends_on": [
                        "azurerm_resource_group.ContrailResourceGroup"
                    ],
                    "primary": {
                        "id": "/subscriptions/196b9f80-3f6d-4313-9647-b39596118b9e/resourceGroups/ContrailResourceGroup/providers/Microsoft.Network/networkSecurityGroups/contrail-sec-grp",
                        "attributes": {
                            "id": "/subscriptions/196b9f80-3f6d-4313-9647-b39596118b9e/resourceGroups/ContrailResourceGroup/providers/Microsoft.Network/networkSecurityGroups/contrail-sec-grp",
                            "location": "eastus",
                            "name": "contrail-sec-grp",
                            "resource_group_name": "ContrailResourceGroup",
                            "security_rule.#": "1",
                            "security_rule.2602810928.access": "Allow",
                            "security_rule.2602810928.description": "",
                            "security_rule.2602810928.destination_address_prefix": "*",
                            "security_rule.2602810928.destination_address_prefixes.#": "0",
                            "security_rule.2602810928.destination_application_security_group_ids.#": "0",
                            "security_rule.2602810928.destination_port_range": "*",
                            "security_rule.2602810928.destination_port_ranges.#": "0",
                            "security_rule.2602810928.direction": "Inbound",
                            "security_rule.2602810928.name": "AllowAll",
                            "security_rule.2602810928.priority": "100",
                            "security_rule.2602810928.protocol": "*",
                            "security_rule.2602810928.source_address_prefix": "*",
                            "security_rule.2602810928.source_address_prefixes.#": "0",
                            "security_rule.2602810928.source_application_security_group_ids.#": "0",
                            "security_rule.2602810928.source_port_range": "*",
                            "security_rule.2602810928.source_port_ranges.#": "0",
                            "tags.%": "1",
                            "tags.environment": "contrail demo"
                        },
                        "meta": {},
                        "tainted": false
                    },
                    "deposed": [],
                    "provider": "provider.azurerm"
                },
                "azurerm_public_ip.contrail-master-public-ip": {
                    "type": "azurerm_public_ip",
                    "depends_on": [
                        "azurerm_resource_group.ContrailResourceGroup"
                    ],
                    "primary": {
                        "id": "/subscriptions/196b9f80-3f6d-4313-9647-b39596118b9e/resourceGroups/ContrailResourceGroup/providers/Microsoft.Network/publicIPAddresses/masterPublicIP",
                        "attributes": {
                            "domain_name_label": "contrail-os-master",
                            "fqdn": "contrail-os-master.eastus.cloudapp.azure.com",
                            "id": "/subscriptions/196b9f80-3f6d-4313-9647-b39596118b9e/resourceGroups/ContrailResourceGroup/providers/Microsoft.Network/publicIPAddresses/masterPublicIP",
                            "location": "eastus",
                            "name": "masterPublicIP",
                            "public_ip_address_allocation": "dynamic",
                            "resource_group_name": "ContrailResourceGroup",
                            "sku": "Basic",
                            "tags.%": "1",
                            "tags.environment": "contrail demo",
                            "zones.#": "0"
                        },
                        "meta": {},
                        "tainted": false
                    },
                    "deposed": [],
                    "provider": "provider.azurerm"
                },
                "azurerm_public_ip.contrail-minion-public-ip": {
                    "type": "azurerm_public_ip",
                    "depends_on": [
                        "azurerm_resource_group.ContrailResourceGroup"
                    ],
                    "primary": {
                        "id": "/subscriptions/196b9f80-3f6d-4313-9647-b39596118b9e/resourceGroups/ContrailResourceGroup/providers/Microsoft.Network/publicIPAddresses/minionPublicIP",
                        "attributes": {
                            "domain_name_label": "contrail-os-minion",
                            "fqdn": "contrail-os-minion.eastus.cloudapp.azure.com",
                            "id": "/subscriptions/196b9f80-3f6d-4313-9647-b39596118b9e/resourceGroups/ContrailResourceGroup/providers/Microsoft.Network/publicIPAddresses/minionPublicIP",
                            "location": "eastus",
                            "name": "minionPublicIP",
                            "public_ip_address_allocation": "dynamic",
                            "resource_group_name": "ContrailResourceGroup",
                            "sku": "Basic",
                            "tags.%": "1",
                            "tags.environment": "contrail demo",
                            "zones.#": "0"
                        },
                        "meta": {},
                        "tainted": false
                    },
                    "deposed": [],
                    "provider": "provider.azurerm"
                },
                "azurerm_resource_group.ContrailResourceGroup": {
                    "type": "azurerm_resource_group",
                    "depends_on": [],
                    "primary": {
                        "id": "/subscriptions/196b9f80-3f6d-4313-9647-b39596118b9e/resourceGroups/ContrailResourceGroup",
                        "attributes": {
                            "id": "/subscriptions/196b9f80-3f6d-4313-9647-b39596118b9e/resourceGroups/ContrailResourceGroup",
                            "location": "eastus",
                            "name": "ContrailResourceGroup",
                            "tags.%": "1",
                            "tags.environment": "contrail demo"
                        },
                        "meta": {},
                        "tainted": false
                    },
                    "deposed": [],
                    "provider": "provider.azurerm"
                },
                "azurerm_storage_account.contrail-storage-account": {
                    "type": "azurerm_storage_account",
                    "depends_on": [
                        "azurerm_resource_group.ContrailResourceGroup",
                        "random_id.randomId"
                    ],
                    "primary": {
                        "id": "/subscriptions/196b9f80-3f6d-4313-9647-b39596118b9e/resourceGroups/ContrailResourceGroup/providers/Microsoft.Storage/storageAccounts/diag77adb509d79f5d9c",
                        "attributes": {
                            "access_tier": "",
                            "account_encryption_source": "Microsoft.Storage",
                            "account_kind": "Storage",
                            "account_replication_type": "LRS",
                            "account_tier": "Standard",
                            "account_type": "Standard_LRS",
                            "enable_blob_encryption": "true",
                            "enable_file_encryption": "true",
                            "enable_https_traffic_only": "false",
                            "id": "/subscriptions/196b9f80-3f6d-4313-9647-b39596118b9e/resourceGroups/ContrailResourceGroup/providers/Microsoft.Storage/storageAccounts/diag77adb509d79f5d9c",
                            "location": "eastus",
                            "name": "diag77adb509d79f5d9c",
                            "primary_access_key": "9bN0yOE+ahVTL71HxTR9vVn93R/uqKB2iG/2R8WawaQWokSMADIwZBSdKQSNxTgzPppdb/2mk+igdA6qsss68Q==",
                            "primary_blob_connection_string": "DefaultEndpointsProtocol=https;BlobEndpoint=https://diag77adb509d79f5d9c.blob.core.windows.net/;AccountName=diag77adb509d79f5d9c;AccountKey=9bN0yOE+ahVTL71HxTR9vVn93R/uqKB2iG/2R8WawaQWokSMADIwZBSdKQSNxTgzPppdb/2mk+igdA6qsss68Q==",
                            "primary_blob_endpoint": "https://diag77adb509d79f5d9c.blob.core.windows.net/",
                            "primary_connection_string": "DefaultEndpointsProtocol=https;AccountName=diag77adb509d79f5d9c;AccountKey=9bN0yOE+ahVTL71HxTR9vVn93R/uqKB2iG/2R8WawaQWokSMADIwZBSdKQSNxTgzPppdb/2mk+igdA6qsss68Q==;EndpointSuffix=core.windows.net",
                            "primary_file_endpoint": "https://diag77adb509d79f5d9c.file.core.windows.net/",
                            "primary_location": "eastus",
                            "primary_queue_endpoint": "https://diag77adb509d79f5d9c.queue.core.windows.net/",
                            "primary_table_endpoint": "https://diag77adb509d79f5d9c.table.core.windows.net/",
                            "resource_group_name": "ContrailResourceGroup",
                            "secondary_access_key": "RZC3WvSDS09E3TYC0TzaY25kcQWIH1XL1i/EWhdHPsOVVy+A9Tl+yyjqQlV+MdZU1op3nTYzrXzHQV1/095qOg==",
                            "secondary_connection_string": "DefaultEndpointsProtocol=https;AccountName=diag77adb509d79f5d9c;AccountKey=RZC3WvSDS09E3TYC0TzaY25kcQWIH1XL1i/EWhdHPsOVVy+A9Tl+yyjqQlV+MdZU1op3nTYzrXzHQV1/095qOg==;EndpointSuffix=core.windows.net",
                            "secondary_location": "",
                            "tags.%": "1",
                            "tags.environment": "contrail demo"
                        },
                        "meta": {
                            "schema_version": "2"
                        },
                        "tainted": false
                    },
                    "deposed": [],
                    "provider": "provider.azurerm"
                },
                "azurerm_subnet.azure-fabric-subnet": {
                    "type": "azurerm_subnet",
                    "depends_on": [
                        "azurerm_resource_group.ContrailResourceGroup",
                        "azurerm_virtual_network.contrail-network"
                    ],
                    "primary": {
                        "id": "/subscriptions/196b9f80-3f6d-4313-9647-b39596118b9e/resourceGroups/ContrailResourceGroup/providers/Microsoft.Network/virtualNetworks/contrail-network/subnets/azure-fabric-subnet",
                        "attributes": {
                            "address_prefix": "10.0.2.0/24",
                            "id": "/subscriptions/196b9f80-3f6d-4313-9647-b39596118b9e/resourceGroups/ContrailResourceGroup/providers/Microsoft.Network/virtualNetworks/contrail-network/subnets/azure-fabric-subnet",
                            "ip_configurations.#": "0",
                            "name": "azure-fabric-subnet",
                            "resource_group_name": "ContrailResourceGroup",
                            "service_endpoints.#": "0",
                            "virtual_network_name": "contrail-network"
                        },
                        "meta": {},
                        "tainted": false
                    },
                    "deposed": [],
                    "provider": "provider.azurerm"
                },
                "azurerm_subnet.contrail-fabric-subnet": {
                    "type": "azurerm_subnet",
                    "depends_on": [
                        "azurerm_resource_group.ContrailResourceGroup",
                        "azurerm_virtual_network.contrail-network"
                    ],
                    "primary": {
                        "id": "/subscriptions/196b9f80-3f6d-4313-9647-b39596118b9e/resourceGroups/ContrailResourceGroup/providers/Microsoft.Network/virtualNetworks/contrail-network/subnets/contrail-fabric-subnet",
                        "attributes": {
                            "address_prefix": "10.0.1.0/24",
                            "id": "/subscriptions/196b9f80-3f6d-4313-9647-b39596118b9e/resourceGroups/ContrailResourceGroup/providers/Microsoft.Network/virtualNetworks/contrail-network/subnets/contrail-fabric-subnet",
                            "ip_configurations.#": "0",
                            "name": "contrail-fabric-subnet",
                            "resource_group_name": "ContrailResourceGroup",
                            "service_endpoints.#": "0",
                            "virtual_network_name": "contrail-network"
                        },
                        "meta": {},
                        "tainted": false
                    },
                    "deposed": [],
                    "provider": "provider.azurerm"
                },
                "azurerm_virtual_machine.contrail-os-master": {
                    "type": "azurerm_virtual_machine",
                    "depends_on": [
                        "azurerm_network_interface.contrail-master-nic",
                        "azurerm_public_ip.contrail-master-public-ip",
                        "azurerm_resource_group.ContrailResourceGroup",
                        "azurerm_storage_account.contrail-storage-account"
                    ],
                    "primary": {
                        "id": "/subscriptions/196b9f80-3f6d-4313-9647-b39596118b9e/resourceGroups/ContrailResourceGroup/providers/Microsoft.Compute/virtualMachines/contrail-os-master",
                        "attributes": {
                            "boot_diagnostics.#": "1",
                            "boot_diagnostics.0.enabled": "true",
                            "boot_diagnostics.0.storage_uri": "https://diag77adb509d79f5d9c.blob.core.windows.net/",
                            "delete_data_disks_on_termination": "false",
                            "delete_os_disk_on_termination": "false",
                            "id": "/subscriptions/196b9f80-3f6d-4313-9647-b39596118b9e/resourceGroups/ContrailResourceGroup/providers/Microsoft.Compute/virtualMachines/contrail-os-master",
                            "identity.#": "0",
                            "location": "eastus",
                            "name": "contrail-os-master",
                            "network_interface_ids.#": "1",
                            "network_interface_ids.0": "/subscriptions/196b9f80-3f6d-4313-9647-b39596118b9e/resourceGroups/ContrailResourceGroup/providers/Microsoft.Network/networkInterfaces/contrailMasterNIC",
                            "os_profile.#": "1",
                            "os_profile.4031397181.admin_password": "",
                            "os_profile.4031397181.admin_username": "contrail",
                            "os_profile.4031397181.computer_name": "contrail-os-master",
                            "os_profile.4031397181.custom_data": "",
                            "os_profile_linux_config.#": "1",
                            "os_profile_linux_config.2972667452.disable_password_authentication": "false",
                            "os_profile_linux_config.2972667452.ssh_keys.#": "0",
                            "os_profile_secrets.#": "0",
                            "resource_group_name": "ContrailResourceGroup",
                            "storage_data_disk.#": "0",
                            "storage_image_reference.#": "1",
                            "storage_image_reference.2593718951.id": "",
                            "storage_image_reference.2593718951.offer": "CentOS",
                            "storage_image_reference.2593718951.publisher": "Openlogic",
                            "storage_image_reference.2593718951.sku": "7.3",
                            "storage_image_reference.2593718951.version": "latest",
                            "storage_os_disk.#": "1",
                            "storage_os_disk.0.caching": "ReadWrite",
                            "storage_os_disk.0.create_option": "FromImage",
                            "storage_os_disk.0.disk_size_gb": "31",
                            "storage_os_disk.0.image_uri": "",
                            "storage_os_disk.0.managed_disk_id": "/subscriptions/196b9f80-3f6d-4313-9647-b39596118b9e/resourceGroups/ContrailResourceGroup/providers/Microsoft.Compute/disks/contrailMasterOsDisk",
                            "storage_os_disk.0.managed_disk_type": "Premium_LRS",
                            "storage_os_disk.0.name": "contrailMasterOsDisk",
                            "storage_os_disk.0.os_type": "Linux",
                            "storage_os_disk.0.vhd_uri": "",
                            "tags.%": "1",
                            "tags.environment": "contrail demo",
                            "vm_size": "Standard_DS12_v2",
                            "zones.#": "0"
                        },
                        "meta": {},
                        "tainted": true
                    },
                    "deposed": [],
                    "provider": "provider.azurerm"
                },
                "azurerm_virtual_machine.contrail-os-minion": {
                    "type": "azurerm_virtual_machine",
                    "depends_on": [
                        "azurerm_network_interface.contrail-minion-nic",
                        "azurerm_public_ip.contrail-minion-public-ip",
                        "azurerm_resource_group.ContrailResourceGroup",
                        "azurerm_storage_account.contrail-storage-account"
                    ],
                    "primary": {
                        "id": "/subscriptions/196b9f80-3f6d-4313-9647-b39596118b9e/resourceGroups/ContrailResourceGroup/providers/Microsoft.Compute/virtualMachines/contrail-os-minion",
                        "attributes": {
                            "boot_diagnostics.#": "1",
                            "boot_diagnostics.0.enabled": "true",
                            "boot_diagnostics.0.storage_uri": "https://diag77adb509d79f5d9c.blob.core.windows.net/",
                            "delete_data_disks_on_termination": "false",
                            "delete_os_disk_on_termination": "false",
                            "id": "/subscriptions/196b9f80-3f6d-4313-9647-b39596118b9e/resourceGroups/ContrailResourceGroup/providers/Microsoft.Compute/virtualMachines/contrail-os-minion",
                            "identity.#": "0",
                            "location": "eastus",
                            "name": "contrail-os-minion",
                            "network_interface_ids.#": "1",
                            "network_interface_ids.0": "/subscriptions/196b9f80-3f6d-4313-9647-b39596118b9e/resourceGroups/ContrailResourceGroup/providers/Microsoft.Network/networkInterfaces/contrailMinionNIC",
                            "os_profile.#": "1",
                            "os_profile.3455761322.admin_password": "",
                            "os_profile.3455761322.admin_username": "contrail",
                            "os_profile.3455761322.computer_name": "contrail-os-minion",
                            "os_profile.3455761322.custom_data": "",
                            "os_profile_linux_config.#": "1",
                            "os_profile_linux_config.2972667452.disable_password_authentication": "false",
                            "os_profile_linux_config.2972667452.ssh_keys.#": "0",
                            "os_profile_secrets.#": "0",
                            "resource_group_name": "ContrailResourceGroup",
                            "storage_data_disk.#": "0",
                            "storage_image_reference.#": "1",
                            "storage_image_reference.2593718951.id": "",
                            "storage_image_reference.2593718951.offer": "CentOS",
                            "storage_image_reference.2593718951.publisher": "Openlogic",
                            "storage_image_reference.2593718951.sku": "7.3",
                            "storage_image_reference.2593718951.version": "latest",
                            "storage_os_disk.#": "1",
                            "storage_os_disk.0.caching": "ReadWrite",
                            "storage_os_disk.0.create_option": "FromImage",
                            "storage_os_disk.0.disk_size_gb": "31",
                            "storage_os_disk.0.image_uri": "",
                            "storage_os_disk.0.managed_disk_id": "/subscriptions/196b9f80-3f6d-4313-9647-b39596118b9e/resourceGroups/ContrailResourceGroup/providers/Microsoft.Compute/disks/contrailMinionOsDisk",
                            "storage_os_disk.0.managed_disk_type": "Premium_LRS",
                            "storage_os_disk.0.name": "contrailMinionOsDisk",
                            "storage_os_disk.0.os_type": "Linux",
                            "storage_os_disk.0.vhd_uri": "",
                            "tags.%": "1",
                            "tags.environment": "contrail demo",
                            "vm_size": "Standard_DS12_v2",
                            "zones.#": "0"
                        },
                        "meta": {},
                        "tainted": true
                    },
                    "deposed": [],
                    "provider": "provider.azurerm"
                },
                "azurerm_virtual_network.contrail-network": {
                    "type": "azurerm_virtual_network",
                    "depends_on": [
                        "azurerm_resource_group.ContrailResourceGroup"
                    ],
                    "primary": {
                        "id": "/subscriptions/196b9f80-3f6d-4313-9647-b39596118b9e/resourceGroups/ContrailResourceGroup/providers/Microsoft.Network/virtualNetworks/contrail-network",
                        "attributes": {
                            "address_space.#": "1",
                            "address_space.0": "10.0.0.0/16",
                            "dns_servers.#": "0",
                            "id": "/subscriptions/196b9f80-3f6d-4313-9647-b39596118b9e/resourceGroups/ContrailResourceGroup/providers/Microsoft.Network/virtualNetworks/contrail-network",
                            "location": "eastus",
                            "name": "contrail-network",
                            "resource_group_name": "ContrailResourceGroup",
                            "subnet.#": "0",
                            "tags.%": "1",
                            "tags.environment": "contrail demo"
                        },
                        "meta": {},
                        "tainted": false
                    },
                    "deposed": [],
                    "provider": "provider.azurerm"
                },
                "random_id.randomId": {
                    "type": "random_id",
                    "depends_on": [
                        "azurerm_resource_group.ContrailResourceGroup"
                    ],
                    "primary": {
                        "id": "d621CdefXZw",
                        "attributes": {
                            "b64": "d621CdefXZw",
                            "b64_std": "d621CdefXZw=",
                            "b64_url": "d621CdefXZw",
                            "byte_length": "8",
                            "dec": "8623747915361246620",
                            "hex": "77adb509d79f5d9c",
                            "id": "d621CdefXZw",
                            "keepers.%": "1",
                            "keepers.resource_group": "ContrailResourceGroup"
                        },
                        "meta": {},
                        "tainted": false
                    },
                    "deposed": [],
                    "provider": "provider.random"
                }
            },
            "depends_on": []
        }
    ]
}
